// !$*UTF8*$!
{
	archiveVersion = 1;
	classes = {
	};
	objectVersion = 50;
	objects = {

/* Begin PBXBuildFile section */
		255059A523CD92090027B9E6 /* AppDelegate.swift in Sources */ = {isa = PBXBuildFile; fileRef = 255059A423CD92090027B9E6 /* AppDelegate.swift */; };
		255059A723CD92090027B9E6 /* SceneDelegate.swift in Sources */ = {isa = PBXBuildFile; fileRef = 255059A623CD92090027B9E6 /* SceneDelegate.swift */; };
		255059AA23CD92090027B9E6 /* MovieFace.xcdatamodeld in Sources */ = {isa = PBXBuildFile; fileRef = 255059A823CD92090027B9E6 /* MovieFace.xcdatamodeld */; };
		255059AC23CD92090027B9E6 /* ContentView.swift in Sources */ = {isa = PBXBuildFile; fileRef = 255059AB23CD92090027B9E6 /* ContentView.swift */; };
		255059AE23CD920A0027B9E6 /* Assets.xcassets in Resources */ = {isa = PBXBuildFile; fileRef = 255059AD23CD920A0027B9E6 /* Assets.xcassets */; };
		255059B123CD920A0027B9E6 /* Preview Assets.xcassets in Resources */ = {isa = PBXBuildFile; fileRef = 255059B023CD920A0027B9E6 /* Preview Assets.xcassets */; };
		255059B423CD920A0027B9E6 /* LaunchScreen.storyboard in Resources */ = {isa = PBXBuildFile; fileRef = 255059B223CD920A0027B9E6 /* LaunchScreen.storyboard */; };
/* End PBXBuildFile section */

/* Begin PBXFileReference section */
		255059A123CD92090027B9E6 /* MovieFace.app */ = {isa = PBXFileReference; explicitFileType = wrapper.application; includeInIndex = 0; path = MovieFace.app; sourceTree = BUILT_PRODUCTS_DIR; };
		255059A423CD92090027B9E6 /* AppDelegate.swift */ = {isa = PBXFileReference; lastKnownFileType = sourcecode.swift; path = AppDelegate.swift; sourceTree = "<group>"; };
		255059A623CD92090027B9E6 /* SceneDelegate.swift */ = {isa = PBXFileReference; lastKnownFileType = sourcecode.swift; path = SceneDelegate.swift; sourceTree = "<group>"; };
		255059A923CD92090027B9E6 /* MovieFace.xcdatamodel */ = {isa = PBXFileReference; lastKnownFileType = wrapper.xcdatamodel; path = MovieFace.xcdatamodel; sourceTree = "<group>"; };
		255059AB23CD92090027B9E6 /* ContentView.swift */ = {isa = PBXFileReference; lastKnownFileType = sourcecode.swift; path = ContentView.swift; sourceTree = "<group>"; };
		255059AD23CD920A0027B9E6 /* Assets.xcassets */ = {isa = PBXFileReference; lastKnownFileType = folder.assetcatalog; path = Assets.xcassets; sourceTree = "<group>"; };
		255059B023CD920A0027B9E6 /* Preview Assets.xcassets */ = {isa = PBXFileReference; lastKnownFileType = folder.assetcatalog; path = "Preview Assets.xcassets"; sourceTree = "<group>"; };
		255059B323CD920A0027B9E6 /* Base */ = {isa = PBXFileReference; lastKnownFileType = file.storyboard; name = Base; path = Base.lproj/LaunchScreen.storyboard; sourceTree = "<group>"; };
		255059B523CD920A0027B9E6 /* Info.plist */ = {isa = PBXFileReference; lastKnownFileType = text.plist.xml; path = Info.plist; sourceTree = "<group>"; };
/* End PBXFileReference section */

/* Begin PBXFrameworksBuildPhase section */
		2550599E23CD92090027B9E6 /* Frameworks */ = {
			isa = PBXFrameworksBuildPhase;
			buildActionMask = 2147483647;
			files = (
			);
			runOnlyForDeploymentPostprocessing = 0;
		};
/* End PBXFrameworksBuildPhase section */

/* Begin PBXGroup section */
		2550599823CD92090027B9E6 = {
			isa = PBXGroup;
			children = (
				255059A323CD92090027B9E6 /* MovieFace */,
				255059A223CD92090027B9E6 /* Products */,
			);
			sourceTree = "<group>";
		};
		255059A223CD92090027B9E6 /* Products */ = {
			isa = PBXGroup;
			children = (
				255059A123CD92090027B9E6 /* MovieFace.app */,
			);
			name = Products;
			sourceTree = "<group>";
		};
		255059A323CD92090027B9E6 /* MovieFace */ = {
			isa = PBXGroup;
			children = (
				255059A423CD92090027B9E6 /* AppDelegate.swift */,
				255059A623CD92090027B9E6 /* SceneDelegate.swift */,
				255059AB23CD92090027B9E6 /* ContentView.swift */,
				255059AD23CD920A0027B9E6 /* Assets.xcassets */,
				255059B223CD920A0027B9E6 /* LaunchScreen.storyboard */,
				255059B523CD920A0027B9E6 /* Info.plist */,
				255059A823CD92090027B9E6 /* MovieFace.xcdatamodeld */,
				255059AF23CD920A0027B9E6 /* Preview Content */,
			);
			path = MovieFace;
			sourceTree = "<group>";
		};
		255059AF23CD920A0027B9E6 /* Preview Content */ = {
			isa = PBXGroup;
			children = (
				255059B023CD920A0027B9E6 /* Preview Assets.xcassets */,
			);
			path = "Preview Content";
			sourceTree = "<group>";
		};
/* End PBXGroup section */

/* Begin PBXNativeTarget section */
		255059A023CD92090027B9E6 /* MovieFace */ = {
			isa = PBXNativeTarget;
			buildConfigurationList = 255059B823CD920A0027B9E6 /* Build configuration list for PBXNativeTarget "MovieFace" */;
			buildPhases = (
				2550599D23CD92090027B9E6 /* Sources */,
				2550599E23CD92090027B9E6 /* Frameworks */,
				2550599F23CD92090027B9E6 /* Resources */,
			);
			buildRules = (
			);
			dependencies = (
			);
			name = MovieFace;
			productName = MovieFace;
			productReference = 255059A123CD92090027B9E6 /* MovieFace.app */;
			productType = "com.apple.product-type.application";
		};
/* End PBXNativeTarget section */

/* Begin PBXProject section */
		2550599923CD92090027B9E6 /* Project object */ = {
			isa = PBXProject;
			attributes = {
				LastSwiftUpdateCheck = 1130;
				LastUpgradeCheck = 1130;
				ORGANIZATIONNAME = Davron;
				TargetAttributes = {
					255059A023CD92090027B9E6 = {
						CreatedOnToolsVersion = 11.3;
					};
				};
			};
			buildConfigurationList = 2550599C23CD92090027B9E6 /* Build configuration list for PBXProject "MovieFace" */;
			compatibilityVersion = "Xcode 9.3";
			developmentRegion = en;
			hasScannedForEncodings = 0;
			knownRegions = (
				en,
				Base,
			);
			mainGroup = 2550599823CD92090027B9E6;
			productRefGroup = 255059A223CD92090027B9E6 /* Products */;
			projectDirPath = "";
			projectRoot = "";
			targets = (
				255059A023CD92090027B9E6 /* MovieFace */,
			);
		};
/* End PBXProject section */

/* Begin PBXResourcesBuildPhase section */
		2550599F23CD92090027B9E6 /* Resources */ = {
			isa = PBXResourcesBuildPhase;
			buildActionMask = 2147483647;
			files = (
				255059B423CD920A0027B9E6 /* LaunchScreen.storyboard in Resources */,
				255059B123CD920A0027B9E6 /* Preview Assets.xcassets in Resources */,
				255059AE23CD920A0027B9E6 /* Assets.xcassets in Resources */,
			);
			runOnlyForDeploymentPostprocessing = 0;
		};
/* End PBXResourcesBuildPhase section */

/* Begin PBXSourcesBuildPhase section */
		2550599D23CD92090027B9E6 /* Sources */ = {
			isa = PBXSourcesBuildPhase;
			buildActionMask = 2147483647;
			files = (
				255059AA23CD92090027B9E6 /* MovieFace.xcdatamodeld in Sources */,
				255059A523CD92090027B9E6 /* AppDelegate.swift in Sources */,
				255059AC23CD92090027B9E6 /* ContentView.swift in Sources */,
				255059A723CD92090027B9E6 /* SceneDelegate.swift in Sources */,
			);
			runOnlyForDeploymentPostprocessing = 0;
		};
/* End PBXSourcesBuildPhase section */

/* Begin PBXVariantGroup section */
		255059B223CD920A0027B9E6 /* LaunchScreen.storyboard */ = {
			isa = PBXVariantGroup;
			children = (
				255059B323CD920A0027B9E6 /* Base */,
			);
			name = LaunchScreen.storyboard;
			sourceTree = "<group>";
		};
/* End PBXVariantGroup section */

/* Begin XCBuildConfiguration section */
		255059B623CD920A0027B9E6 /* Debug */ = {
			isa = XCBuildConfiguration;
			buildSettings = {
				ALWAYS_SEARCH_USER_PATHS = NO;
				CLANG_ANALYZER_NONNULL = YES;
				CLANG_ANALYZER_NUMBER_OBJECT_CONVERSION = YES_AGGRESSIVE;
				CLANG_CXX_LANGUAGE_STANDARD = "gnu++14";
				CLANG_CXX_LIBRARY = "libc++";
				CLANG_ENABLE_MODULES = YES;
				CLANG_ENABLE_OBJC_ARC = YES;
				CLANG_ENABLE_OBJC_WEAK = YES;
				CLANG_WARN_BLOCK_CAPTURE_AUTORELEASING = YES;
				CLANG_WARN_BOOL_CONVERSION = YES;
				CLANG_WARN_COMMA = YES;
				CLANG_WARN_CONSTANT_CONVERSION = YES;
				CLANG_WARN_DEPRECATED_OBJC_IMPLEMENTATIONS = YES;
				CLANG_WARN_DIRECT_OBJC_ISA_USAGE = YES_ERROR;
				CLANG_WARN_DOCUMENTATION_COMMENTS = YES;
				CLANG_WARN_EMPTY_BODY = YES;
				CLANG_WARN_ENUM_CONVERSION = YES;
				CLANG_WARN_INFINITE_RECURSION = YES;
				CLANG_WARN_INT_CONVERSION = YES;
				CLANG_WARN_NON_LITERAL_NULL_CONVERSION = YES;
				CLANG_WARN_OBJC_IMPLICIT_RETAIN_SELF = YES;
				CLANG_WARN_OBJC_LITERAL_CONVERSION = YES;
				CLANG_WARN_OBJC_ROOT_CLASS = YES_ERROR;
				CLANG_WARN_RANGE_LOOP_ANALYSIS = YES;
				CLANG_WARN_STRICT_PROTOTYPES = YES;
				CLANG_WARN_SUSPICIOUS_MOVE = YES;
				CLANG_WARN_UNGUARDED_AVAILABILITY = YES_AGGRESSIVE;
				CLANG_WARN_UNREACHABLE_CODE = YES;
				CLANG_WARN__DUPLICATE_METHOD_MATCH = YES;
				COPY_PHASE_STRIP = NO;
				DEBUG_INFORMATION_FORMAT = dwarf;
				ENABLE_STRICT_OBJC_MSGSEND = YES;
				ENABLE_TESTABILITY = YES;
				GCC_C_LANGUAGE_STANDARD = gnu11;
				GCC_DYNAMIC_NO_PIC = NO;
				GCC_NO_COMMON_BLOCKS = YES;
				GCC_OPTIMIZATION_LEVEL = 0;
				GCC_PREPROCESSOR_DEFINITIONS = (
					"DEBUG=1",
					"$(inherited)",
				);
				GCC_WARN_64_TO_32_BIT_CONVERSION = YES;
				GCC_WARN_ABOUT_RETURN_TYPE = YES_ERROR;
				GCC_WARN_UNDECLARED_SELECTOR = YES;
				GCC_WARN_UNINITIALIZED_AUTOS = YES_AGGRESSIVE;
				GCC_WARN_UNUSED_FUNCTION = YES;
				GCC_WARN_UNUSED_VARIABLE = YES;
				IPHONEOS_DEPLOYMENT_TARGET = 13.2;
				MTL_ENABLE_DEBUG_INFO = INCLUDE_SOURCE;
				MTL_FAST_MATH = YES;
				ONLY_ACTIVE_ARCH = YES;
				SDKROOT = iphoneos;
				SWIFT_ACTIVE_COMPILATION_CONDITIONS = DEBUG;
				SWIFT_OPTIMIZATION_LEVEL = "-Onone";
			};
			name = Debug;
		};
		255059B723CD920A0027B9E6 /* Release */ = {
			isa = XCBuildConfiguration;
			buildSettings = {
				ALWAYS_SEARCH_USER_PATHS = NO;
				CLANG_ANALYZER_NONNULL = YES;
				CLANG_ANALYZER_NUMBER_OBJECT_CONVERSION = YES_AGGRESSIVE;
				CLANG_CXX_LANGUAGE_STANDARD = "gnu++14";
				CLANG_CXX_LIBRARY = "libc++";
				CLANG_ENABLE_MODULES = YES;
				CLANG_ENABLE_OBJC_ARC = YES;
				CLANG_ENABLE_OBJC_WEAK = YES;
				CLANG_WARN_BLOCK_CAPTURE_AUTORELEASING = YES;
				CLANG_WARN_BOOL_CONVERSION = YES;
				CLANG_WARN_COMMA = YES;
				CLANG_WARN_CONSTANT_CONVERSION = YES;
				CLANG_WARN_DEPRECATED_OBJC_IMPLEMENTATIONS = YES;
				CLANG_WARN_DIRECT_OBJC_ISA_USAGE = YES_ERROR;
				CLANG_WARN_DOCUMENTATION_COMMENTS = YES;
				CLANG_WARN_EMPTY_BODY = YES;
				CLANG_WARN_ENUM_CONVERSION = YES;
				CLANG_WARN_INFINITE_RECURSION = YES;
				CLANG_WARN_INT_CONVERSION = YES;
				CLANG_WARN_NON_LITERAL_NULL_CONVERSION = YES;
				CLANG_WARN_OBJC_IMPLICIT_RETAIN_SELF = YES;
				CLANG_WARN_OBJC_LITERAL_CONVERSION = YES;
				CLANG_WARN_OBJC_ROOT_CLASS = YES_ERROR;
				CLANG_WARN_RANGE_LOOP_ANALYSIS = YES;
				CLANG_WARN_STRICT_PROTOTYPES = YES;
				CLANG_WARN_SUSPICIOUS_MOVE = YES;
				CLANG_WARN_UNGUARDED_AVAILABILITY = YES_AGGRESSIVE;
				CLANG_WARN_UNREACHABLE_CODE = YES;
				CLANG_WARN__DUPLICATE_METHOD_MATCH = YES;
				COPY_PHASE_STRIP = NO;
				DEBUG_INFORMATION_FORMAT = "dwarf-with-dsym";
				ENABLE_NS_ASSERTIONS = NO;
				ENABLE_STRICT_OBJC_MSGSEND = YES;
				GCC_C_LANGUAGE_STANDARD = gnu11;
				GCC_NO_COMMON_BLOCKS = YES;
				GCC_WARN_64_TO_32_BIT_CONVERSION = YES;
				GCC_WARN_ABOUT_RETURN_TYPE = YES_ERROR;
				GCC_WARN_UNDECLARED_SELECTOR = YES;
				GCC_WARN_UNINITIALIZED_AUTOS = YES_AGGRESSIVE;
				GCC_WARN_UNUSED_FUNCTION = YES;
				GCC_WARN_UNUSED_VARIABLE = YES;
				IPHONEOS_DEPLOYMENT_TARGET = 13.2;
				MTL_ENABLE_DEBUG_INFO = NO;
				MTL_FAST_MATH = YES;
				SDKROOT = iphoneos;
				SWIFT_COMPILATION_MODE = wholemodule;
				SWIFT_OPTIMIZATION_LEVEL = "-O";
				VALIDATE_PRODUCT = YES;
			};
			name = Release;
		};
		255059B923CD920A0027B9E6 /* Debug */ = {
			isa = XCBuildConfiguration;
			buildSettings = {
				ASSETCATALOG_COMPILER_APPICON_NAME = AppIcon;
				CODE_SIGN_STYLE = Automatic;
				DEVELOPMENT_ASSET_PATHS = "\"MovieFace/Preview Content\"";
				DEVELOPMENT_TEAM = STDTT6CHY7;
				ENABLE_PREVIEWS = YES;
				INFOPLIST_FILE = MovieFace/Info.plist;
				LD_RUNPATH_SEARCH_PATHS = (
					"$(inherited)",
					"@executable_path/Frameworks",
				);
				PRODUCT_BUNDLE_IDENTIFIER = com.adzguy.MovieFace;
				PRODUCT_NAME = "$(TARGET_NAME)";
				SWIFT_VERSION = 5.0;
				TARGETED_DEVICE_FAMILY = "1,2";
			};
			name = Debug;
		};
		255059BA23CD920A0027B9E6 /* Release */ = {
			isa = XCBuildConfiguration;
			buildSettings = {
				ASSETCATALOG_COMPILER_APPICON_NAME = AppIcon;
				CODE_SIGN_STYLE = Automatic;
				DEVELOPMENT_ASSET_PATHS = "\"MovieFace/Preview Content\"";
				DEVELOPMENT_TEAM = STDTT6CHY7;
				ENABLE_PREVIEWS = YES;
				INFOPLIST_FILE = MovieFace/Info.plist;
				LD_RUNPATH_SEARCH_PATHS = (
					"$(inherited)",
					"@executable_path/Frameworks",
				);
				PRODUCT_BUNDLE_IDENTIFIER = com.adzguy.MovieFace;
				PRODUCT_NAME = "$(TARGET_NAME)";
				SWIFT_VERSION = 5.0;
				TARGETED_DEVICE_FAMILY = "1,2";
			};
			name = Release;
		};
/* End XCBuildConfiguration section */

/* Begin XCConfigurationList section */
		2550599C23CD92090027B9E6 /* Build configuration list for PBXProject "MovieFace" */ = {
			isa = XCConfigurationList;
			buildConfigurations = (
				255059B623CD920A0027B9E6 /* Debug */,
				255059B723CD920A0027B9E6 /* Release */,
			);
			defaultConfigurationIsVisible = 0;
			defaultConfigurationName = Release;
		};
		255059B823CD920A0027B9E6 /* Build configuration list for PBXNativeTarget "MovieFace" */ = {
			isa = XCConfigurationList;
			buildConfigurations = (
				255059B923CD920A0027B9E6 /* Debug */,
				255059BA23CD920A0027B9E6 /* Release */,
			);
			defaultConfigurationIsVisible = 0;
			defaultConfigurationName = Release;
		};
/* End XCConfigurationList section */

/* Begin XCVersionGroup section */
		255059A823CD92090027B9E6 /* MovieFace.xcdatamodeld */ = {
			isa = XCVersionGroup;
			children = (
				255059A923CD92090027B9E6 /* MovieFace.xcdatamodel */,
			);
			currentVersion = 255059A923CD92090027B9E6 /* MovieFace.xcdatamodel */;
			path = MovieFace.xcdatamodeld;
			sourceTree = "<group>";
			versionGroupType = wrapper.xcdatamodel;
		};
/* End XCVersionGroup section */
	};
	rootObject = 2550599923CD92090027B9E6 /* Project object */;
}
